{
  "name": "hello-next",
  "version": "1.0.0",
  "lockfileVersion": 1,
  "requires": true,
  "dependencies": {
    "@next/env": {
      "version": "13.5.4",
      "resolved": "https://registry.npmjs.org/@next/env/-/env-13.5.4.tgz",
      "integrity": "sha512-LGegJkMvRNw90WWphGJ3RMHMVplYcOfRWf2Be3td3sUa+1AaxmsYyANsA+znrGCBjXJNi4XAQlSoEfUxs/4kIQ=="
    },
    "@next/swc-darwin-arm64": {
      "version": "13.5.4",
      "resolved": "https://registry.npmjs.org/@next/swc-darwin-arm64/-/swc-darwin-arm64-13.5.4.tgz",
      "integrity": "sha512-Df8SHuXgF1p+aonBMcDPEsaahNo2TCwuie7VXED4FVyECvdXfRT9unapm54NssV9tF3OQFKBFOdlje4T43VO0w==",
      "optional": true
    },
    "@next/swc-darwin-x64": {
      "version": "13.5.4",
      "resolved": "https://registry.npmjs.org/@next/swc-darwin-x64/-/swc-darwin-x64-13.5.4.tgz",
      "integrity": "sha512-siPuUwO45PnNRMeZnSa8n/Lye5ZX93IJom9wQRB5DEOdFrw0JjOMu1GINB8jAEdwa7Vdyn1oJ2xGNaQpdQQ9Pw==",
      "optional": true
    },
    "@next/swc-linux-arm64-gnu": {
      "version": "13.5.4",
      "resolved": "https://registry.npmjs.org/@next/swc-linux-arm64-gnu/-/swc-linux-arm64-gnu-13.5.4.tgz",
      "integrity": "sha512-l/k/fvRP/zmB2jkFMfefmFkyZbDkYW0mRM/LB+tH5u9pB98WsHXC0WvDHlGCYp3CH/jlkJPL7gN8nkTQVrQ/2w==",
      "optional": true
    },
    "@next/swc-linux-arm64-musl": {
      "version": "13.5.4",
      "resolved": "https://registry.npmjs.org/@next/swc-linux-arm64-musl/-/swc-linux-arm64-musl-13.5.4.tgz",
      "integrity": "sha512-YYGb7SlLkI+XqfQa8VPErljb7k9nUnhhRrVaOdfJNCaQnHBcvbT7cx/UjDQLdleJcfyg1Hkn5YSSIeVfjgmkTg==",
      "optional": true
    },
    "@next/swc-linux-x64-gnu": {
      "version": "13.5.4",
      "resolved": "https://registry.npmjs.org/@next/swc-linux-x64-gnu/-/swc-linux-x64-gnu-13.5.4.tgz",
      "integrity": "sha512-uE61vyUSClnCH18YHjA8tE1prr/PBFlBFhxBZis4XBRJoR+txAky5d7gGNUIbQ8sZZ7LVkSVgm/5Fc7mwXmRAg==",
      "optional": true
    },
    "@next/swc-linux-x64-musl": {
      "version": "13.5.4",
      "resolved": "https://registry.npmjs.org/@next/swc-linux-x64-musl/-/swc-linux-x64-musl-13.5.4.tgz",
      "integrity": "sha512-qVEKFYML/GvJSy9CfYqAdUexA6M5AklYcQCW+8JECmkQHGoPxCf04iMh7CPR7wkHyWWK+XLt4Ja7hhsPJtSnhg==",
      "optional": true
    },
    "@next/swc-win32-arm64-msvc": {
      "version": "13.5.4",
      "resolved": "https://registry.npmjs.org/@next/swc-win32-arm64-msvc/-/swc-win32-arm64-msvc-13.5.4.tgz",
      "integrity": "sha512-mDSQfqxAlfpeZOLPxLymZkX0hYF3juN57W6vFHTvwKlnHfmh12Pt7hPIRLYIShk8uYRsKPtMTth/EzpwRI+u8w==",
      "optional": true
    },
    "@next/swc-win32-ia32-msvc": {
      "version": "13.5.4",
      "resolved": "https://registry.npmjs.org/@next/swc-win32-ia32-msvc/-/swc-win32-ia32-msvc-13.5.4.tgz",
      "integrity": "sha512-aoqAT2XIekIWoriwzOmGFAvTtVY5O7JjV21giozBTP5c6uZhpvTWRbmHXbmsjZqY4HnEZQRXWkSAppsIBweKqw==",
      "optional": true
    },
    "@next/swc-win32-x64-msvc": {
      "version": "13.5.4",
      "resolved": "https://registry.npmjs.org/@next/swc-win32-x64-msvc/-/swc-win32-x64-msvc-13.5.4.tgz",
      "integrity": "sha512-cyRvlAxwlddlqeB9xtPSfNSCRy8BOa4wtMo0IuI9P7Y0XT2qpDrpFKRyZ7kUngZis59mPVla5k8X1oOJ8RxDYg==",
      "optional": true
    },
    "@swc/helpers": {
      "version": "0.5.2",
      "resolved": "https://registry.npmjs.org/@swc/helpers/-/helpers-0.5.2.tgz",
      "integrity": "sha512-E4KcWTpoLHqwPHLxidpOqQbcrZVgi0rsmmZXUle1jXmJfuIf/UWpczUJ7MZZ5tlxytgJXyp0w4PGkkeLiuIdZw==",
      "requires": {
        "tslib": "^2.4.0"
      }
    },
    "@types/debug": {
      "version": "4.1.7",
      "resolved": "https://registry.npmjs.org/@types/debug/-/debug-4.1.7.tgz",
      "integrity": "sha512-9AonUzyTjXXhEOa0DnqpzZi6VHlqKMswga9EXjpXnnqxwLtdvPPtlO8evrI5D9S6asFRCQ6v+wpiUKbw+vKqyg==",
      "requires": {
        "@types/ms": "*"
      }
    },
    "@types/hast": {
      "version": "2.3.4",
      "resolved": "https://registry.npmjs.org/@types/hast/-/hast-2.3.4.tgz",
      "integrity": "sha512-wLEm0QvaoawEDoTRwzTXp4b4jpwiJDvR5KMnFnVodm3scufTlBOWRD6N1OBf9TZMhjlNsSfcO5V+7AF4+Vy+9g==",
      "requires": {
        "@types/unist": "*"
      }
    },
    "@types/mdast": {
      "version": "3.0.10",
      "resolved": "https://registry.npmjs.org/@types/mdast/-/mdast-3.0.10.tgz",
      "integrity": "sha512-W864tg/Osz1+9f4lrGTZpCSO5/z4608eUp19tbozkq2HJK6i3z1kT0H9tlADXuYIb1YYOBByU4Jsqkk75q48qA==",
      "requires": {
        "@types/unist": "*"
      }
    },
    "@types/ms": {
      "version": "0.7.31",
      "resolved": "https://registry.npmjs.org/@types/ms/-/ms-0.7.31.tgz",
      "integrity": "sha512-iiUgKzV9AuaEkZqkOLDIvlQiL6ltuZd9tGcW3gwpnX8JbuiuhFlEGmmFXEXkN50Cvq7Os88IY2v0dkDqXYWVgA=="
    },
    "@types/prop-types": {
      "version": "15.7.5",
      "resolved": "https://registry.npmjs.org/@types/prop-types/-/prop-types-15.7.5.tgz",
      "integrity": "sha512-JCB8C6SnDoQf0cNycqd/35A7MjcnK+ZTqE7judS6o7utxUCg6imJg3QK2qzHKszlTjcj2cn+NwMB2i96ubpj7w=="
    },
    "@types/unist": {
      "version": "2.0.6",
      "resolved": "https://registry.npmjs.org/@types/unist/-/unist-2.0.6.tgz",
      "integrity": "sha512-PBjIUxZHOuj0R15/xuwJYjFi+KZdNFrehocChv4g5hu6aFroHue8m0lBP0POdK2nKzbw0cgV1mws8+V/JAcEkQ=="
    },
    "bail": {
      "version": "2.0.2",
      "resolved": "https://registry.npmjs.org/bail/-/bail-2.0.2.tgz",
      "integrity": "sha512-0xO6mYd7JB2YesxDKplafRpsiOzPt9V02ddPCLbY1xYGPOX24NTyN50qnUxgCPcSoYMhKpAuBTjQoRZCAkUDRw=="
    },
    "busboy": {
      "version": "1.6.0",
      "resolved": "https://registry.npmjs.org/busboy/-/busboy-1.6.0.tgz",
      "integrity": "sha512-8SFQbg/0hQ9xy3UNTB0YEnsNBbWfhf7RtnzpL7TkBiTBRfrQ9Fxcnz7VJsleJpyp6rVLvXiuORqjlHi5q+PYuA==",
      "requires": {
        "streamsearch": "^1.1.0"
      }
    },
    "caniuse-lite": {
      "version": "1.0.30001546",
      "resolved": "https://registry.npmjs.org/caniuse-lite/-/caniuse-lite-1.0.30001546.tgz",
      "integrity": "sha512-zvtSJwuQFpewSyRrI3AsftF6rM0X80mZkChIt1spBGEvRglCrjTniXvinc8JKRoqTwXAgvqTImaN9igfSMtUBw=="
    },
    "character-entities": {
      "version": "2.0.2",
      "resolved": "https://registry.npmjs.org/character-entities/-/character-entities-2.0.2.tgz",
      "integrity": "sha512-shx7oQ0Awen/BRIdkjkvz54PnEEI/EjwXDSIZp86/KKdbafHh1Df/RYGBhn4hbe2+uKC9FnT5UCEdyPz3ai9hQ=="
    },
    "client-only": {
      "version": "0.0.1",
      "resolved": "https://registry.npmjs.org/client-only/-/client-only-0.0.1.tgz",
      "integrity": "sha512-IV3Ou0jSMzZrd3pZ48nLkT9DA7Ag1pnPzaiQhpW7c3RbcqqzvzzVu+L8gfqMp/8IM2MQtSiqaCxrrcfu8I8rMA=="
    },
    "comma-separated-tokens": {
      "version": "2.0.2",
      "resolved": "https://registry.npmjs.org/comma-separated-tokens/-/comma-separated-tokens-2.0.2.tgz",
      "integrity": "sha512-G5yTt3KQN4Yn7Yk4ed73hlZ1evrFKXeUW3086p3PRFNp7m2vIjI6Pg+Kgb+oyzhd9F2qdcoj67+y3SdxL5XWsg=="
    },
    "debug": {
      "version": "4.3.4",
      "resolved": "https://registry.npmjs.org/debug/-/debug-4.3.4.tgz",
      "integrity": "sha512-PRWFHuSU3eDtQJPvnNY7Jcket1j0t5OuOsFzPPzsekD52Zl8qUfFIPEiswXqIvHWGVHOgX+7G/vCNNhehwxfkQ==",
      "requires": {
        "ms": "2.1.2"
      }
    },
    "decode-named-character-reference": {
      "version": "1.0.2",
      "resolved": "https://registry.npmjs.org/decode-named-character-reference/-/decode-named-character-reference-1.0.2.tgz",
      "integrity": "sha512-O8x12RzrUF8xyVcY0KJowWsmaJxQbmy0/EtnNtHRpsOcT7dFk5W598coHqBVpmWo1oQQfsCqfCmkZN5DJrZVdg==",
      "requires": {
        "character-entities": "^2.0.0"
      }
    },
    "dequal": {
      "version": "2.0.3",
      "resolved": "https://registry.npmjs.org/dequal/-/dequal-2.0.3.tgz",
      "integrity": "sha512-0je+qPKHEMohvfRTCEo3CrPG6cAzAYgmzKyxRiYSSDkS6eGJdyVJm7WaYA5ECaAD9wLB2T4EEeymA5aFVcYXCA=="
    },
    "diff": {
      "version": "5.1.0",
      "resolved": "https://registry.npmjs.org/diff/-/diff-5.1.0.tgz",
      "integrity": "sha512-D+mk+qE8VC/PAUrlAU34N+VfXev0ghe5ywmpqrawphmVZc1bEfn56uo9qpyGp1p4xpzOHkSW4ztBd6L7Xx4ACw=="
    },
    "extend": {
      "version": "3.0.2",
      "resolved": "https://registry.npmjs.org/extend/-/extend-3.0.2.tgz",
      "integrity": "sha512-fjquC59cD7CyW6urNXK0FBufkZcoiGG80wTuPujX590cB5Ttln20E2UB4S/WARVqhXffZl2LNgS+gQdPIIim/g=="
    },
    "glob-to-regexp": {
      "version": "0.4.1",
      "resolved": "https://registry.npmjs.org/glob-to-regexp/-/glob-to-regexp-0.4.1.tgz",
      "integrity": "sha512-lkX1HJXwyMcprw/5YUZc2s7DrpAiHB21/V+E1rHUrVNokkvB6bqMzT0VfV6/86ZNabt1k14YOIaT7nDvOX3Iiw=="
    },
    "graceful-fs": {
      "version": "4.2.11",
      "resolved": "https://registry.npmjs.org/graceful-fs/-/graceful-fs-4.2.11.tgz",
      "integrity": "sha512-RbJ5/jmFcNNCcDV5o9eTnBLJ/HszWV0P73bc+Ff4nS/rJj+YaS6IGyiOL0VoBYX+l1Wrl3k63h/KrH+nhJ0XvQ=="
    },
    "hast-util-whitespace": {
      "version": "2.0.0",
      "resolved": "https://registry.npmjs.org/hast-util-whitespace/-/hast-util-whitespace-2.0.0.tgz",
      "integrity": "sha512-Pkw+xBHuV6xFeJprJe2BBEoDV+AvQySaz3pPDRUs5PNZEMQjpXJJueqrpcHIXxnWTcAGi/UOCgVShlkY6kLoqg=="
    },
    "inline-style-parser": {
      "version": "0.1.1",
      "resolved": "https://registry.npmjs.org/inline-style-parser/-/inline-style-parser-0.1.1.tgz",
      "integrity": "sha512-7NXolsK4CAS5+xvdj5OMMbI962hU/wvwoxk+LWR9Ek9bVtyuuYScDN6eS0rUm6TxApFpw7CX1o4uJzcd4AyD3Q=="
    },
    "is-buffer": {
      "version": "2.0.5",
      "resolved": "https://registry.npmjs.org/is-buffer/-/is-buffer-2.0.5.tgz",
      "integrity": "sha512-i2R6zNFDwgEHJyQUtJEk0XFi1i0dPFn/oqjK3/vPCcDeJvW5NQ83V8QbicfF1SupOaB0h8ntgBC2YiE7dfyctQ=="
    },
    "is-plain-obj": {
      "version": "4.1.0",
      "resolved": "https://registry.npmjs.org/is-plain-obj/-/is-plain-obj-4.1.0.tgz",
      "integrity": "sha512-+Pgi+vMuUNkJyExiMBt5IlFoMyKnr5zhJ4Uspz58WOhBF5QoIZkFyNHIbBAtHwzVAgk5RtndVNsDRN61/mmDqg=="
    },
    "isomorphic-unfetch": {
      "version": "3.0.0",
      "resolved": "https://registry.npmjs.org/isomorphic-unfetch/-/isomorphic-unfetch-3.0.0.tgz",
      "integrity": "sha512-V0tmJSYfkKokZ5mgl0cmfQMTb7MLHsBMngTkbLY0eXvKqiVRRoZP04Ly+KhKrJfKtzC9E6Pp15Jo+bwh7Vi2XQ==",
      "requires": {
        "node-fetch": "^2.2.0",
        "unfetch": "^4.0.0"
      }
    },
    "js-tokens": {
      "version": "4.0.0",
      "resolved": "https://registry.npmjs.org/js-tokens/-/js-tokens-4.0.0.tgz",
      "integrity": "sha512-RdJUflcE3cUzKiMqQgsCu06FPu9UdIJO0beYbPhHN4k6apgJtifcoCtT9bcxOpYBtpD2kCM6Sbzg4CausW/PKQ=="
    },
    "kleur": {
      "version": "4.1.5",
      "resolved": "https://registry.npmjs.org/kleur/-/kleur-4.1.5.tgz",
      "integrity": "sha512-o+NO+8WrRiQEE4/7nwRJhN1HWpVmJm511pBHUxPLtp0BUISzlBplORYSmTclCnJvQq2tKu/sgl3xVpkc7ZWuQQ=="
    },
    "loose-envify": {
      "version": "1.4.0",
      "resolved": "https://registry.npmjs.org/loose-envify/-/loose-envify-1.4.0.tgz",
      "integrity": "sha512-lyuxPGr/Wfhrlem2CL/UcnUc1zcqKAImBDzukY7Y5F/yQiNdko6+fRLevlw1HgMySw7f611UIY408EtxRSoK3Q==",
      "requires": {
        "js-tokens": "^3.0.0 || ^4.0.0"
      }
    },
    "mdast-util-definitions": {
      "version": "5.1.1",
      "resolved": "https://registry.npmjs.org/mdast-util-definitions/-/mdast-util-definitions-5.1.1.tgz",
      "integrity": "sha512-rQ+Gv7mHttxHOBx2dkF4HWTg+EE+UR78ptQWDylzPKaQuVGdG4HIoY3SrS/pCp80nZ04greFvXbVFHT+uf0JVQ==",
      "requires": {
        "@types/mdast": "^3.0.0",
        "@types/unist": "^2.0.0",
        "unist-util-visit": "^4.0.0"
      }
    },
    "mdast-util-from-markdown": {
      "version": "1.2.0",
      "resolved": "https://registry.npmjs.org/mdast-util-from-markdown/-/mdast-util-from-markdown-1.2.0.tgz",
      "integrity": "sha512-iZJyyvKD1+K7QX1b5jXdE7Sc5dtoTry1vzV28UZZe8Z1xVnB/czKntJ7ZAkG0tANqRnBF6p3p7GpU1y19DTf2Q==",
      "requires": {
        "@types/mdast": "^3.0.0",
        "@types/unist": "^2.0.0",
        "decode-named-character-reference": "^1.0.0",
        "mdast-util-to-string": "^3.1.0",
        "micromark": "^3.0.0",
        "micromark-util-decode-numeric-character-reference": "^1.0.0",
        "micromark-util-decode-string": "^1.0.0",
        "micromark-util-normalize-identifier": "^1.0.0",
        "micromark-util-symbol": "^1.0.0",
        "micromark-util-types": "^1.0.0",
        "unist-util-stringify-position": "^3.0.0",
        "uvu": "^0.5.0"
      }
    },
    "mdast-util-to-hast": {
      "version": "12.2.4",
      "resolved": "https://registry.npmjs.org/mdast-util-to-hast/-/mdast-util-to-hast-12.2.4.tgz",
      "integrity": "sha512-a21xoxSef1l8VhHxS1Dnyioz6grrJkoaCUgGzMD/7dWHvboYX3VW53esRUfB5tgTyz4Yos1n25SPcj35dJqmAg==",
      "requires": {
        "@types/hast": "^2.0.0",
        "@types/mdast": "^3.0.0",
        "mdast-util-definitions": "^5.0.0",
        "micromark-util-sanitize-uri": "^1.1.0",
        "trim-lines": "^3.0.0",
        "unist-builder": "^3.0.0",
        "unist-util-generated": "^2.0.0",
        "unist-util-position": "^4.0.0",
        "unist-util-visit": "^4.0.0"
      }
    },
    "mdast-util-to-string": {
      "version": "3.1.0",
      "resolved": "https://registry.npmjs.org/mdast-util-to-string/-/mdast-util-to-string-3.1.0.tgz",
      "integrity": "sha512-n4Vypz/DZgwo0iMHLQL49dJzlp7YtAJP+N07MZHpjPf/5XJuHUWstviF4Mn2jEiR/GNmtnRRqnwsXExk3igfFA=="
    },
    "micromark": {
      "version": "3.1.0",
      "resolved": "https://registry.npmjs.org/micromark/-/micromark-3.1.0.tgz",
      "integrity": "sha512-6Mj0yHLdUZjHnOPgr5xfWIMqMWS12zDN6iws9SLuSz76W8jTtAv24MN4/CL7gJrl5vtxGInkkqDv/JIoRsQOvA==",
      "requires": {
        "@types/debug": "^4.0.0",
        "debug": "^4.0.0",
        "decode-named-character-reference": "^1.0.0",
        "micromark-core-commonmark": "^1.0.1",
        "micromark-factory-space": "^1.0.0",
        "micromark-util-character": "^1.0.0",
        "micromark-util-chunked": "^1.0.0",
        "micromark-util-combine-extensions": "^1.0.0",
        "micromark-util-decode-numeric-character-reference": "^1.0.0",
        "micromark-util-encode": "^1.0.0",
        "micromark-util-normalize-identifier": "^1.0.0",
        "micromark-util-resolve-all": "^1.0.0",
        "micromark-util-sanitize-uri": "^1.0.0",
        "micromark-util-subtokenize": "^1.0.0",
        "micromark-util-symbol": "^1.0.0",
        "micromark-util-types": "^1.0.1",
        "uvu": "^0.5.0"
      }
    },
    "micromark-core-commonmark": {
      "version": "1.0.6",
      "resolved": "https://registry.npmjs.org/micromark-core-commonmark/-/micromark-core-commonmark-1.0.6.tgz",
      "integrity": "sha512-K+PkJTxqjFfSNkfAhp4GB+cZPfQd6dxtTXnf+RjZOV7T4EEXnvgzOcnp+eSTmpGk9d1S9sL6/lqrgSNn/s0HZA==",
      "requires": {
        "decode-named-character-reference": "^1.0.0",
        "micromark-factory-destination": "^1.0.0",
        "micromark-factory-label": "^1.0.0",
        "micromark-factory-space": "^1.0.0",
        "micromark-factory-title": "^1.0.0",
        "micromark-factory-whitespace": "^1.0.0",
        "micromark-util-character": "^1.0.0",
        "micromark-util-chunked": "^1.0.0",
        "micromark-util-classify-character": "^1.0.0",
        "micromark-util-html-tag-name": "^1.0.0",
        "micromark-util-normalize-identifier": "^1.0.0",
        "micromark-util-resolve-all": "^1.0.0",
        "micromark-util-subtokenize": "^1.0.0",
        "micromark-util-symbol": "^1.0.0",
        "micromark-util-types": "^1.0.1",
        "uvu": "^0.5.0"
      }
    },
    "micromark-factory-destination": {
      "version": "1.0.0",
      "resolved": "https://registry.npmjs.org/micromark-factory-destination/-/micromark-factory-destination-1.0.0.tgz",
      "integrity": "sha512-eUBA7Rs1/xtTVun9TmV3gjfPz2wEwgK5R5xcbIM5ZYAtvGF6JkyaDsj0agx8urXnO31tEO6Ug83iVH3tdedLnw==",
      "requires": {
        "micromark-util-character": "^1.0.0",
        "micromark-util-symbol": "^1.0.0",
        "micromark-util-types": "^1.0.0"
      }
    },
    "micromark-factory-label": {
      "version": "1.0.2",
      "resolved": "https://registry.npmjs.org/micromark-factory-label/-/micromark-factory-label-1.0.2.tgz",
      "integrity": "sha512-CTIwxlOnU7dEshXDQ+dsr2n+yxpP0+fn271pu0bwDIS8uqfFcumXpj5mLn3hSC8iw2MUr6Gx8EcKng1dD7i6hg==",
      "requires": {
        "micromark-util-character": "^1.0.0",
        "micromark-util-symbol": "^1.0.0",
        "micromark-util-types": "^1.0.0",
        "uvu": "^0.5.0"
      }
    },
    "micromark-factory-space": {
      "version": "1.0.0",
      "resolved": "https://registry.npmjs.org/micromark-factory-space/-/micromark-factory-space-1.0.0.tgz",
      "integrity": "sha512-qUmqs4kj9a5yBnk3JMLyjtWYN6Mzfcx8uJfi5XAveBniDevmZasdGBba5b4QsvRcAkmvGo5ACmSUmyGiKTLZew==",
      "requires": {
        "micromark-util-character": "^1.0.0",
        "micromark-util-types": "^1.0.0"
      }
    },
    "micromark-factory-title": {
      "version": "1.0.2",
      "resolved": "https://registry.npmjs.org/micromark-factory-title/-/micromark-factory-title-1.0.2.tgz",
      "integrity": "sha512-zily+Nr4yFqgMGRKLpTVsNl5L4PMu485fGFDOQJQBl2NFpjGte1e86zC0da93wf97jrc4+2G2GQudFMHn3IX+A==",
      "requires": {
        "micromark-factory-space": "^1.0.0",
        "micromark-util-character": "^1.0.0",
        "micromark-util-symbol": "^1.0.0",
        "micromark-util-types": "^1.0.0",
        "uvu": "^0.5.0"
      }
    },
    "micromark-factory-whitespace": {
      "version": "1.0.0",
      "resolved": "https://registry.npmjs.org/micromark-factory-whitespace/-/micromark-factory-whitespace-1.0.0.tgz",
      "integrity": "sha512-Qx7uEyahU1lt1RnsECBiuEbfr9INjQTGa6Err+gF3g0Tx4YEviPbqqGKNv/NrBaE7dVHdn1bVZKM/n5I/Bak7A==",
      "requires": {
        "micromark-factory-space": "^1.0.0",
        "micromark-util-character": "^1.0.0",
        "micromark-util-symbol": "^1.0.0",
        "micromark-util-types": "^1.0.0"
      }
    },
    "micromark-util-character": {
      "version": "1.1.0",
      "resolved": "https://registry.npmjs.org/micromark-util-character/-/micromark-util-character-1.1.0.tgz",
      "integrity": "sha512-agJ5B3unGNJ9rJvADMJ5ZiYjBRyDpzKAOk01Kpi1TKhlT1APx3XZk6eN7RtSz1erbWHC2L8T3xLZ81wdtGRZzg==",
      "requires": {
        "micromark-util-symbol": "^1.0.0",
        "micromark-util-types": "^1.0.0"
      }
    },
    "micromark-util-chunked": {
      "version": "1.0.0",
      "resolved": "https://registry.npmjs.org/micromark-util-chunked/-/micromark-util-chunked-1.0.0.tgz",
      "integrity": "sha512-5e8xTis5tEZKgesfbQMKRCyzvffRRUX+lK/y+DvsMFdabAicPkkZV6gO+FEWi9RfuKKoxxPwNL+dFF0SMImc1g==",
      "requires": {
        "micromark-util-symbol": "^1.0.0"
      }
    },
    "micromark-util-classify-character": {
      "version": "1.0.0",
      "resolved": "https://registry.npmjs.org/micromark-util-classify-character/-/micromark-util-classify-character-1.0.0.tgz",
      "integrity": "sha512-F8oW2KKrQRb3vS5ud5HIqBVkCqQi224Nm55o5wYLzY/9PwHGXC01tr3d7+TqHHz6zrKQ72Okwtvm/xQm6OVNZA==",
      "requires": {
        "micromark-util-character": "^1.0.0",
        "micromark-util-symbol": "^1.0.0",
        "micromark-util-types": "^1.0.0"
      }
    },
    "micromark-util-combine-extensions": {
      "version": "1.0.0",
      "resolved": "https://registry.npmjs.org/micromark-util-combine-extensions/-/micromark-util-combine-extensions-1.0.0.tgz",
      "integrity": "sha512-J8H058vFBdo/6+AsjHp2NF7AJ02SZtWaVUjsayNFeAiydTxUwViQPxN0Hf8dp4FmCQi0UUFovFsEyRSUmFH3MA==",
      "requires": {
        "micromark-util-chunked": "^1.0.0",
        "micromark-util-types": "^1.0.0"
      }
    },
    "micromark-util-decode-numeric-character-reference": {
      "version": "1.0.0",
      "resolved": "https://registry.npmjs.org/micromark-util-decode-numeric-character-reference/-/micromark-util-decode-numeric-character-reference-1.0.0.tgz",
      "integrity": "sha512-OzO9AI5VUtrTD7KSdagf4MWgHMtET17Ua1fIpXTpuhclCqD8egFWo85GxSGvxgkGS74bEahvtM0WP0HjvV0e4w==",
      "requires": {
        "micromark-util-symbol": "^1.0.0"
      }
    },
    "micromark-util-decode-string": {
      "version": "1.0.2",
      "resolved": "https://registry.npmjs.org/micromark-util-decode-string/-/micromark-util-decode-string-1.0.2.tgz",
      "integrity": "sha512-DLT5Ho02qr6QWVNYbRZ3RYOSSWWFuH3tJexd3dgN1odEuPNxCngTCXJum7+ViRAd9BbdxCvMToPOD/IvVhzG6Q==",
      "requires": {
        "decode-named-character-reference": "^1.0.0",
        "micromark-util-character": "^1.0.0",
        "micromark-util-decode-numeric-character-reference": "^1.0.0",
        "micromark-util-symbol": "^1.0.0"
      }
    },
    "micromark-util-encode": {
      "version": "1.0.1",
      "resolved": "https://registry.npmjs.org/micromark-util-encode/-/micromark-util-encode-1.0.1.tgz",
      "integrity": "sha512-U2s5YdnAYexjKDel31SVMPbfi+eF8y1U4pfiRW/Y8EFVCy/vgxk/2wWTxzcqE71LHtCuCzlBDRU2a5CQ5j+mQA=="
    },
    "micromark-util-html-tag-name": {
      "version": "1.1.0",
      "resolved": "https://registry.npmjs.org/micromark-util-html-tag-name/-/micromark-util-html-tag-name-1.1.0.tgz",
      "integrity": "sha512-BKlClMmYROy9UiV03SwNmckkjn8QHVaWkqoAqzivabvdGcwNGMMMH/5szAnywmsTBUzDsU57/mFi0sp4BQO6dA=="
    },
    "micromark-util-normalize-identifier": {
      "version": "1.0.0",
      "resolved": "https://registry.npmjs.org/micromark-util-normalize-identifier/-/micromark-util-normalize-identifier-1.0.0.tgz",
      "integrity": "sha512-yg+zrL14bBTFrQ7n35CmByWUTFsgst5JhA4gJYoty4Dqzj4Z4Fr/DHekSS5aLfH9bdlfnSvKAWsAgJhIbogyBg==",
      "requires": {
        "micromark-util-symbol": "^1.0.0"
      }
    },
    "micromark-util-resolve-all": {
      "version": "1.0.0",
      "resolved": "https://registry.npmjs.org/micromark-util-resolve-all/-/micromark-util-resolve-all-1.0.0.tgz",
      "integrity": "sha512-CB/AGk98u50k42kvgaMM94wzBqozSzDDaonKU7P7jwQIuH2RU0TeBqGYJz2WY1UdihhjweivStrJ2JdkdEmcfw==",
      "requires": {
        "micromark-util-types": "^1.0.0"
      }
    },
    "micromark-util-sanitize-uri": {
      "version": "1.1.0",
      "resolved": "https://registry.npmjs.org/micromark-util-sanitize-uri/-/micromark-util-sanitize-uri-1.1.0.tgz",
      "integrity": "sha512-RoxtuSCX6sUNtxhbmsEFQfWzs8VN7cTctmBPvYivo98xb/kDEoTCtJQX5wyzIYEmk/lvNFTat4hL8oW0KndFpg==",
      "requires": {
        "micromark-util-character": "^1.0.0",
        "micromark-util-encode": "^1.0.0",
        "micromark-util-symbol": "^1.0.0"
      }
    },
    "micromark-util-subtokenize": {
      "version": "1.0.2",
      "resolved": "https://registry.npmjs.org/micromark-util-subtokenize/-/micromark-util-subtokenize-1.0.2.tgz",
      "integrity": "sha512-d90uqCnXp/cy4G881Ub4psE57Sf8YD0pim9QdjCRNjfas2M1u6Lbt+XZK9gnHL2XFhnozZiEdCa9CNfXSfQ6xA==",
      "requires": {
        "micromark-util-chunked": "^1.0.0",
        "micromark-util-symbol": "^1.0.0",
        "micromark-util-types": "^1.0.0",
        "uvu": "^0.5.0"
      }
    },
    "micromark-util-symbol": {
      "version": "1.0.1",
      "resolved": "https://registry.npmjs.org/micromark-util-symbol/-/micromark-util-symbol-1.0.1.tgz",
      "integrity": "sha512-oKDEMK2u5qqAptasDAwWDXq0tG9AssVwAx3E9bBF3t/shRIGsWIRG+cGafs2p/SnDSOecnt6hZPCE2o6lHfFmQ=="
    },
    "micromark-util-types": {
      "version": "1.0.2",
      "resolved": "https://registry.npmjs.org/micromark-util-types/-/micromark-util-types-1.0.2.tgz",
      "integrity": "sha512-DCfg/T8fcrhrRKTPjRrw/5LLvdGV7BHySf/1LOZx7TzWZdYRjogNtyNq885z3nNallwr3QUKARjqvHqX1/7t+w=="
    },
    "mri": {
      "version": "1.2.0",
      "resolved": "https://registry.npmjs.org/mri/-/mri-1.2.0.tgz",
      "integrity": "sha512-tzzskb3bG8LvYGFF/mDTpq3jpI6Q9wc3LEmBaghu+DdCssd1FakN7Bc0hVNmEyGq1bq3RgfkCb3cmQLpNPOroA=="
    },
    "ms": {
      "version": "2.1.2",
      "resolved": "https://registry.npmjs.org/ms/-/ms-2.1.2.tgz",
      "integrity": "sha512-sGkPx+VjMtmA6MX27oA4FBFELFCZZ4S4XqeGOXCv68tT+jb3vk/RyaKWP0PTKyWtmLSM0b+adUTEvbs1PEaH2w=="
    },
    "nanoid": {
      "version": "3.3.6",
      "resolved": "https://registry.npmjs.org/nanoid/-/nanoid-3.3.6.tgz",
      "integrity": "sha512-BGcqMMJuToF7i1rt+2PWSNVnWIkGCU78jBG3RxO/bZlnZPK2Cmi2QaffxGO/2RvWi9sL+FAiRiXMgsyxQ1DIDA=="
    },
    "next": {
      "version": "13.5.4",
      "resolved": "https://registry.npmjs.org/next/-/next-13.5.4.tgz",
      "integrity": "sha512-+93un5S779gho8y9ASQhb/bTkQF17FNQOtXLKAj3lsNgltEcF0C5PMLLncDmH+8X1EnJH1kbqAERa29nRXqhjA==",
      "requires": {
        "@next/env": "13.5.4",
        "@next/swc-darwin-arm64": "13.5.4",
        "@next/swc-darwin-x64": "13.5.4",
        "@next/swc-linux-arm64-gnu": "13.5.4",
        "@next/swc-linux-arm64-musl": "13.5.4",
        "@next/swc-linux-x64-gnu": "13.5.4",
        "@next/swc-linux-x64-musl": "13.5.4",
        "@next/swc-win32-arm64-msvc": "13.5.4",
        "@next/swc-win32-ia32-msvc": "13.5.4",
        "@next/swc-win32-x64-msvc": "13.5.4",
        "@swc/helpers": "0.5.2",
        "busboy": "1.6.0",
        "caniuse-lite": "^1.0.30001406",
        "postcss": "8.4.31",
        "styled-jsx": "5.1.1",
        "watchpack": "2.4.0"
      }
    },
    "node-fetch": {
      "version": "2.6.7",
      "resolved": "https://registry.npmjs.org/node-fetch/-/node-fetch-2.6.7.tgz",
      "integrity": "sha512-ZjMPFEfVx5j+y2yF35Kzx5sF7kDzxuDj6ziH4FFbOp87zKDZNx8yExJIb05OGF4Nlt9IHFIMBkRl41VdvcNdbQ==",
      "requires": {
        "whatwg-url": "^5.0.0"
      }
    },
    "object-assign": {
      "version": "4.1.1",
      "resolved": "https://registry.npmjs.org/object-assign/-/object-assign-4.1.1.tgz",
      "integrity": "sha1-IQmtx5ZYh8/AXLvUQsrIv7s2CGM="
    },
    "picocolors": {
      "version": "1.0.0",
      "resolved": "https://registry.npmjs.org/picocolors/-/picocolors-1.0.0.tgz",
      "integrity": "sha512-1fygroTLlHu66zi26VoTDv8yRgm0Fccecssto+MhsZ0D/DGW2sm8E8AjW7NU5VVTRt5GxbeZ5qBuJr+HyLYkjQ=="
    },
    "postcss": {
      "version": "8.4.31",
      "resolved": "https://registry.npmjs.org/postcss/-/postcss-8.4.31.tgz",
      "integrity": "sha512-PS08Iboia9mts/2ygV3eLpY5ghnUcfLV/EXTOW1E2qYxJKGGBUtNjN76FYHnMs36RmARn41bC0AZmn+rR0OVpQ==",
      "requires": {
        "nanoid": "^3.3.6",
        "picocolors": "^1.0.0",
        "source-map-js": "^1.0.2"
      }
    },
    "prop-types": {
      "version": "15.7.2",
      "resolved": "https://registry.npmjs.org/prop-types/-/prop-types-15.7.2.tgz",
      "integrity": "sha512-8QQikdH7//R2vurIJSutZ1smHYTcLpRWEOlHnzcWHmBYrOGUysKwSsrC89BCiFj3CbrfJ/nXFdJepOVrY1GCHQ==",
      "requires": {
        "loose-envify": "^1.4.0",
        "object-assign": "^4.1.1",
        "react-is": "^16.8.1"
      }
    },
    "property-information": {
      "version": "6.1.1",
      "resolved": "https://registry.npmjs.org/property-information/-/property-information-6.1.1.tgz",
      "integrity": "sha512-hrzC564QIl0r0vy4l6MvRLhafmUowhO/O3KgVSoXIbbA2Sz4j8HGpJc6T2cubRVwMwpdiG/vKGfhT4IixmKN9w=="
    },
    "react": {
      "version": "16.13.1",
      "resolved": "https://registry.npmjs.org/react/-/react-16.13.1.tgz",
      "integrity": "sha512-YMZQQq32xHLX0bz5Mnibv1/LHb3Sqzngu7xstSM+vrkE5Kzr9xE0yMByK5kMoTK30YVJE61WfbxIFFvfeDKT1w==",
      "requires": {
        "loose-envify": "^1.1.0",
        "object-assign": "^4.1.1",
        "prop-types": "^15.6.2"
      }
    },
    "react-dom": {
      "version": "16.13.1",
      "resolved": "https://registry.npmjs.org/react-dom/-/react-dom-16.13.1.tgz",
      "integrity": "sha512-81PIMmVLnCNLO/fFOQxdQkvEq/+Hfpv24XNJfpyZhTRfO0QcmQIF/PgCa1zCOj2w1hrn12MFLyaJ/G0+Mxtfag==",
      "requires": {
        "loose-envify": "^1.1.0",
        "object-assign": "^4.1.1",
        "prop-types": "^15.6.2",
        "scheduler": "^0.19.1"
      }
    },
    "react-is": {
      "version": "16.8.6",
      "resolved": "https://registry.npmjs.org/react-is/-/react-is-16.8.6.tgz",
      "integrity": "sha512-aUk3bHfZ2bRSVFFbbeVS4i+lNPZr3/WM5jT2J5omUVV1zzcs1nAaf3l51ctA5FFvCRbhrH0bdAsRRQddFJZPtA=="
    },
    "react-markdown": {
      "version": "8.0.3",
      "resolved": "https://registry.npmjs.org/react-markdown/-/react-markdown-8.0.3.tgz",
      "integrity": "sha512-We36SfqaKoVNpN1QqsZwWSv/OZt5J15LNgTLWynwAN5b265hrQrsjMtlRNwUvS+YyR3yDM8HpTNc4pK9H/Gc0A==",
      "requires": {
        "@types/hast": "^2.0.0",
        "@types/prop-types": "^15.0.0",
        "@types/unist": "^2.0.0",
        "comma-separated-tokens": "^2.0.0",
        "hast-util-whitespace": "^2.0.0",
        "prop-types": "^15.0.0",
        "property-information": "^6.0.0",
        "react-is": "^18.0.0",
        "remark-parse": "^10.0.0",
        "remark-rehype": "^10.0.0",
        "space-separated-tokens": "^2.0.0",
        "style-to-object": "^0.3.0",
        "unified": "^10.0.0",
        "unist-util-visit": "^4.0.0",
        "vfile": "^5.0.0"
      },
      "dependencies": {
        "react-is": {
          "version": "18.2.0",
          "resolved": "https://registry.npmjs.org/react-is/-/react-is-18.2.0.tgz",
          "integrity": "sha512-xWGDIW6x921xtzPkhiULtthJHoJvBbF3q26fzloPCK0hsvxtPVelvftw3zjbHWSkR2km9Z+4uxbDDK/6Zw9B8w=="
        }
      }
    },
    "remark-parse": {
      "version": "10.0.1",
      "resolved": "https://registry.npmjs.org/remark-parse/-/remark-parse-10.0.1.tgz",
      "integrity": "sha512-1fUyHr2jLsVOkhbvPRBJ5zTKZZyD6yZzYaWCS6BPBdQ8vEMBCH+9zNCDA6tET/zHCi/jLqjCWtlJZUPk+DbnFw==",
      "requires": {
        "@types/mdast": "^3.0.0",
        "mdast-util-from-markdown": "^1.0.0",
        "unified": "^10.0.0"
      }
    },
    "remark-rehype": {
      "version": "10.1.0",
      "resolved": "https://registry.npmjs.org/remark-rehype/-/remark-rehype-10.1.0.tgz",
      "integrity": "sha512-EFmR5zppdBp0WQeDVZ/b66CWJipB2q2VLNFMabzDSGR66Z2fQii83G5gTBbgGEnEEA0QRussvrFHxk1HWGJskw==",
      "requires": {
        "@types/hast": "^2.0.0",
        "@types/mdast": "^3.0.0",
        "mdast-util-to-hast": "^12.1.0",
        "unified": "^10.0.0"
      }
    },
    "sade": {
      "version": "1.8.1",
      "resolved": "https://registry.npmjs.org/sade/-/sade-1.8.1.tgz",
      "integrity": "sha512-xal3CZX1Xlo/k4ApwCFrHVACi9fBqJ7V+mwhBsuf/1IOKbBy098Fex+Wa/5QMubw09pSZ/u8EY8PWgevJsXp1A==",
      "requires": {
        "mri": "^1.1.0"
      }
    },
    "scheduler": {
      "version": "0.19.1",
      "resolved": "https://registry.npmjs.org/scheduler/-/scheduler-0.19.1.tgz",
      "integrity": "sha512-n/zwRWRYSUj0/3g/otKDRPMh6qv2SYMWNq85IEa8iZyAv8od9zDYpGSnpBEjNgcMNq6Scbu5KfIPxNF72R/2EA==",
      "requires": {
        "loose-envify": "^1.1.0",
        "object-assign": "^4.1.1"
      }
    },
    "source-map-js": {
      "version": "1.0.2",
      "resolved": "https://registry.npmjs.org/source-map-js/-/source-map-js-1.0.2.tgz",
      "integrity": "sha512-R0XvVJ9WusLiqTCEiGCmICCMplcCkIwwR11mOSD9CR5u+IXYdiseeEuXCVAjS54zqwkLcPNnmU4OeJ6tUrWhDw=="
    },
    "space-separated-tokens": {
      "version": "2.0.1",
      "resolved": "https://registry.npmjs.org/space-separated-tokens/-/space-separated-tokens-2.0.1.tgz",
      "integrity": "sha512-ekwEbFp5aqSPKaqeY1PGrlGQxPNaq+Cnx4+bE2D8sciBQrHpbwoBbawqTN2+6jPs9IdWxxiUcN0K2pkczD3zmw=="
    },
    "streamsearch": {
      "version": "1.1.0",
      "resolved": "https://registry.npmjs.org/streamsearch/-/streamsearch-1.1.0.tgz",
      "integrity": "sha512-Mcc5wHehp9aXz1ax6bZUyY5afg9u2rv5cqQI3mRrYkGC8rW2hM02jWuwjtL++LS5qinSyhj2QfLyNsuc+VsExg=="
    },
    "style-to-object": {
      "version": "0.3.0",
      "resolved": "https://registry.npmjs.org/style-to-object/-/style-to-object-0.3.0.tgz",
      "integrity": "sha512-CzFnRRXhzWIdItT3OmF8SQfWyahHhjq3HwcMNCNLn+N7klOOqPjMeG/4JSu77D7ypZdGvSzvkrbyeTMizz2VrA==",
      "requires": {
        "inline-style-parser": "0.1.1"
      }
    },
    "styled-jsx": {
      "version": "5.1.1",
      "resolved": "https://registry.npmjs.org/styled-jsx/-/styled-jsx-5.1.1.tgz",
      "integrity": "sha512-pW7uC1l4mBZ8ugbiZrcIsiIvVx1UmTfw7UkC3Um2tmfUq9Bhk8IiyEIPl6F8agHgjzku6j0xQEZbfA5uSgSaCw==",
      "requires": {
        "client-only": "0.0.1"
      }
    },
    "tr46": {
      "version": "0.0.3",
      "resolved": "https://registry.npmjs.org/tr46/-/tr46-0.0.3.tgz",
      "integrity": "sha512-N3WMsuqV66lT30CrXNbEjx4GEwlow3v6rr4mCcv6prnfwhS01rkgyFdjPNBYd9br7LpXV1+Emh01fHnq2Gdgrw=="
    },
    "trim-lines": {
      "version": "3.0.1",
      "resolved": "https://registry.npmjs.org/trim-lines/-/trim-lines-3.0.1.tgz",
      "integrity": "sha512-kRj8B+YHZCc9kQYdWfJB2/oUl9rA99qbowYYBtr4ui4mZyAQ2JpvVBd/6U2YloATfqBhBTSMhTpgBHtU0Mf3Rg=="
    },
    "trough": {
      "version": "2.1.0",
      "resolved": "https://registry.npmjs.org/trough/-/trough-2.1.0.tgz",
      "integrity": "sha512-AqTiAOLcj85xS7vQ8QkAV41hPDIJ71XJB4RCUrzo/1GM2CQwhkJGaf9Hgr7BOugMRpgGUrqRg/DrBDl4H40+8g=="
    },
    "tslib": {
      "version": "2.6.2",
      "resolved": "https://registry.npmjs.org/tslib/-/tslib-2.6.2.tgz",
      "integrity": "sha512-AEYxH93jGFPn/a2iVAwW87VuUIkR1FVUKB77NwMF7nBTDkDrrT/Hpt/IrCJ0QXhW27jTBDcf5ZY7w6RiqTMw2Q=="
    },
    "unfetch": {
      "version": "4.1.0",
      "resolved": "https://registry.npmjs.org/unfetch/-/unfetch-4.1.0.tgz",
      "integrity": "sha512-crP/n3eAPUJxZXM9T80/yv0YhkTEx2K1D3h7D1AJM6fzsWZrxdyRuLN0JH/dkZh1LNH8LxCnBzoPFCPbb2iGpg=="
    },
    "unified": {
      "version": "10.1.2",
      "resolved": "https://registry.npmjs.org/unified/-/unified-10.1.2.tgz",
      "integrity": "sha512-pUSWAi/RAnVy1Pif2kAoeWNBa3JVrx0MId2LASj8G+7AiHWoKZNTomq6LG326T68U7/e263X6fTdcXIy7XnF7Q==",
      "requires": {
        "@types/unist": "^2.0.0",
        "bail": "^2.0.0",
        "extend": "^3.0.0",
        "is-buffer": "^2.0.0",
        "is-plain-obj": "^4.0.0",
        "trough": "^2.0.0",
        "vfile": "^5.0.0"
      }
    },
    "unist-builder": {
      "version": "3.0.0",
      "resolved": "https://registry.npmjs.org/unist-builder/-/unist-builder-3.0.0.tgz",
      "integrity": "sha512-GFxmfEAa0vi9i5sd0R2kcrI9ks0r82NasRq5QHh2ysGngrc6GiqD5CDf1FjPenY4vApmFASBIIlk/jj5J5YbmQ==",
      "requires": {
        "@types/unist": "^2.0.0"
      }
    },
    "unist-util-generated": {
      "version": "2.0.0",
      "resolved": "https://registry.npmjs.org/unist-util-generated/-/unist-util-generated-2.0.0.tgz",
      "integrity": "sha512-TiWE6DVtVe7Ye2QxOVW9kqybs6cZexNwTwSMVgkfjEReqy/xwGpAXb99OxktoWwmL+Z+Epb0Dn8/GNDYP1wnUw=="
    },
    "unist-util-is": {
      "version": "5.1.1",
      "resolved": "https://registry.npmjs.org/unist-util-is/-/unist-util-is-5.1.1.tgz",
      "integrity": "sha512-F5CZ68eYzuSvJjGhCLPL3cYx45IxkqXSetCcRgUXtbcm50X2L9oOWQlfUfDdAf+6Pd27YDblBfdtmsThXmwpbQ=="
    },
    "unist-util-position": {
      "version": "4.0.3",
      "resolved": "https://registry.npmjs.org/unist-util-position/-/unist-util-position-4.0.3.tgz",
      "integrity": "sha512-p/5EMGIa1qwbXjA+QgcBXaPWjSnZfQ2Sc3yBEEfgPwsEmJd8Qh+DSk3LGnmOM4S1bY2C0AjmMnB8RuEYxpPwXQ==",
      "requires": {
        "@types/unist": "^2.0.0"
      }
    },
    "unist-util-stringify-position": {
      "version": "3.0.2",
      "resolved": "https://registry.npmjs.org/unist-util-stringify-position/-/unist-util-stringify-position-3.0.2.tgz",
      "integrity": "sha512-7A6eiDCs9UtjcwZOcCpM4aPII3bAAGv13E96IkawkOAW0OhH+yRxtY0lzo8KiHpzEMfH7Q+FizUmwp8Iqy5EWg==",
      "requires": {
        "@types/unist": "^2.0.0"
      }
    },
    "unist-util-visit": {
      "version": "4.1.1",
      "resolved": "https://registry.npmjs.org/unist-util-visit/-/unist-util-visit-4.1.1.tgz",
      "integrity": "sha512-n9KN3WV9k4h1DxYR1LoajgN93wpEi/7ZplVe02IoB4gH5ctI1AaF2670BLHQYbwj+pY83gFtyeySFiyMHJklrg==",
      "requires": {
        "@types/unist": "^2.0.0",
        "unist-util-is": "^5.0.0",
        "unist-util-visit-parents": "^5.1.1"
      }
    },
    "unist-util-visit-parents": {
      "version": "5.1.1",
      "resolved": "https://registry.npmjs.org/unist-util-visit-parents/-/unist-util-visit-parents-5.1.1.tgz",
      "integrity": "sha512-gks4baapT/kNRaWxuGkl5BIhoanZo7sC/cUT/JToSRNL1dYoXRFl75d++NkjYk4TAu2uv2Px+l8guMajogeuiw==",
      "requires": {
        "@types/unist": "^2.0.0",
        "unist-util-is": "^5.0.0"
      }
    },
    "uvu": {
      "version": "0.5.6",
      "resolved": "https://registry.npmjs.org/uvu/-/uvu-0.5.6.tgz",
      "integrity": "sha512-+g8ENReyr8YsOc6fv/NVJs2vFdHBnBNdfE49rshrTzDWOlUx4Gq7KOS2GD8eqhy2j+Ejq29+SbKH8yjkAqXqoA==",
      "requires": {
        "dequal": "^2.0.0",
        "diff": "^5.0.0",
        "kleur": "^4.0.3",
        "sade": "^1.7.3"
      }
    },
    "vfile": {
      "version": "5.3.5",
      "resolved": "https://registry.npmjs.org/vfile/-/vfile-5.3.5.tgz",
      "integrity": "sha512-U1ho2ga33eZ8y8pkbQLH54uKqGhFJ6GYIHnnG5AhRpAh3OWjkrRHKa/KogbmQn8We+c0KVV3rTOgR9V/WowbXQ==",
      "requires": {
        "@types/unist": "^2.0.0",
        "is-buffer": "^2.0.0",
        "unist-util-stringify-position": "^3.0.0",
        "vfile-message": "^3.0.0"
      }
    },
    "vfile-message": {
      "version": "3.1.2",
      "resolved": "https://registry.npmjs.org/vfile-message/-/vfile-message-3.1.2.tgz",
      "integrity": "sha512-QjSNP6Yxzyycd4SVOtmKKyTsSvClqBPJcd00Z0zuPj3hOIjg0rUPG6DbFGPvUKRgYyaIWLPKpuEclcuvb3H8qA==",
      "requires": {
        "@types/unist": "^2.0.0",
        "unist-util-stringify-position": "^3.0.0"
      }
    },
    "watchpack": {
      "version": "2.4.0",
      "resolved": "https://registry.npmjs.org/watchpack/-/watchpack-2.4.0.tgz",
      "integrity": "sha512-Lcvm7MGST/4fup+ifyKi2hjyIAwcdI4HRgtvTpIUxBRhB+RFtUh8XtDOxUfctVCnhVi+QQj49i91OyvzkJl6cg==",
      "requires": {
        "glob-to-regexp": "^0.4.1",
        "graceful-fs": "^4.1.2"
      }
    },
    "webidl-conversions": {
      "version": "3.0.1",
      "resolved": "https://registry.npmjs.org/webidl-conversions/-/webidl-conversions-3.0.1.tgz",
      "integrity": "sha512-2JAn3z8AR6rjK8Sm8orRC0h/bcl/DqL7tRPdGZ4I1CjdF+EaMLmYxBHyXuKL849eucPFhvBoxMsflfOb8kxaeQ=="
    },
    "whatwg-url": {
      "version": "5.0.0",
      "resolved": "https://registry.npmjs.org/whatwg-url/-/whatwg-url-5.0.0.tgz",
      "integrity": "sha512-saE57nupxk6v3HY35+jzBwYa0rKSy0XR8JSxZPwgLr7ys0IBzhGviA1/TUGJLmSVqs8pb9AnvICXEuOHLprYTw==",
      "requires": {
        "tr46": "~0.0.3",
        "webidl-conversions": "^3.0.0"
      }
    }
  }
}
